
Microsoft Visual Studio Solution File, Format Version 11.00
# Visual Studio 2010
Project("{FAE04EC0-301F-11D3-BF4B-00C04F79EFBC}") = "Assembly-CSharp", "Assembly-CSharp.csproj", "{00AE8E9F-6D02-E202-139B-EDADB22A7193}"
EndProject
Project("{FAE04EC0-301F-11D3-BF4B-00C04F79EFBC}") = "Assembly-CSharp-Editor", "Assembly-CSharp-Editor.csproj", "{6AB2821F-71EF-1C71-B48D-D024D9B01E22}"
EndProject
Global
	GlobalSection(SolutionConfigurationPlatforms) = preSolution
		Debug|Any CPU = Debug|Any CPU
		Release|Any CPU = Release|Any CPU
	EndGlobalSection
	GlobalSection(ProjectConfigurationPlatforms) = postSolution
		{00AE8E9F-6D02-E202-139B-EDADB22A7193}.Debug|Any CPU.ActiveCfg = Debug|Any CPU
		{00AE8E9F-6D02-E202-139B-EDADB22A7193}.Debug|Any CPU.Build.0 = Debug|Any CPU
		{00AE8E9F-6D02-E202-139B-EDADB22A7193}.Release|Any CPU.ActiveCfg = Release|Any CPU
		{00AE8E9F-6D02-E202-139B-EDADB22A7193}.Release|Any CPU.Build.0 = Release|Any CPU
		{6AB2821F-71EF-1C71-B48D-D024D9B01E22}.Debug|Any CPU.ActiveCfg = Debug|Any CPU
		{6AB2821F-71EF-1C71-B48D-D024D9B01E22}.Debug|Any CPU.Build.0 = Debug|Any CPU
		{6AB2821F-71EF-1C71-B48D-D024D9B01E22}.Release|Any CPU.ActiveCfg = Release|Any CPU
		{6AB2821F-71EF-1C71-B48D-D024D9B01E22}.Release|Any CPU.Build.0 = Release|Any CPU
	EndGlobalSection
	GlobalSection(SolutionProperties) = preSolution
		HideSolutionNode = FALSE
	EndGlobalSection
EndGlobal
